
Microsoft Visual Studio Solution File, Format Version 12.00
# Visual Studio Version 16
VisualStudioVersion = 16.0.29519.87
MinimumVisualStudioVersion = 10.0.40219.1
Project("{FAE04EC0-301F-11D3-BF4B-00C04F79EFBC}") = "WebApplication1", "WebApplication1\WebApplication1.csproj", "{C9D200BE-4355-4F79-BE1B-405E94ED6EFA}"
EndProject
Global
	GlobalSection(SolutionConfigurationPlatforms) = preSolution
		Debug|Any CPU = Debug|Any CPU
		Release|Any CPU = Release|Any CPU
	EndGlobalSection
	GlobalSection(ProjectConfigurationPlatforms) = postSolution
		{C9D200BE-4355-4F79-BE1B-405E94ED6EFA}.Debug|Any CPU.ActiveCfg = Debug|Any CPU
		{C9D200BE-4355-4F79-BE1B-405E94ED6EFA}.Debug|Any CPU.Build.0 = Debug|Any CPU
		{C9D200BE-4355-4F79-BE1B-405E94ED6EFA}.Release|Any CPU.ActiveCfg = Release|Any CPU
		{C9D200BE-4355-4F79-BE1B-405E94ED6EFA}.Release|Any CPU.Build.0 = Release|Any CPU
	EndGlobalSection
	GlobalSection(SolutionProperties) = preSolution
		HideSolutionNode = FALSE
	EndGlobalSection
	GlobalSection(ExtensibilityGlobals) = postSolution
		SolutionGuid = {9CC30117-8303-45A3-9D4B-B26179746646}
	EndGlobalSection
EndGlobal
